
Microsoft Visual Studio Solution File, Format Version 12.00
# Visual Studio Version 16
VisualStudioVersion = 16.0.30413.136
MinimumVisualStudioVersion = 10.0.40219.1
Project("{FAE04EC0-301F-11D3-BF4B-00C04F79EFBC}") = "DataVSOperation.App", "src\DataVSOperation.App\DataVSOperation.App.csproj", "{BE5DF6BB-E4BB-46CA-BE17-DB9044073190}"
EndProject
Global
	GlobalSection(SolutionConfigurationPlatforms) = preSolution
		Debug|Any CPU = Debug|Any CPU
		Release|Any CPU = Release|Any CPU
	EndGlobalSection
	GlobalSection(ProjectConfigurationPlatforms) = postSolution
		{BE5DF6BB-E4BB-46CA-BE17-DB9044073190}.Debug|Any CPU.ActiveCfg = Debug|Any CPU
		{BE5DF6BB-E4BB-46CA-BE17-DB9044073190}.Debug|Any CPU.Build.0 = Debug|Any CPU
		{BE5DF6BB-E4BB-46CA-BE17-DB9044073190}.Release|Any CPU.ActiveCfg = Release|Any CPU
		{BE5DF6BB-E4BB-46CA-BE17-DB9044073190}.Release|Any CPU.Build.0 = Release|Any CPU
	EndGlobalSection
	GlobalSection(SolutionProperties) = preSolution
		HideSolutionNode = FALSE
	EndGlobalSection
	GlobalSection(ExtensibilityGlobals) = postSolution
		SolutionGuid = {3BA8AD52-A37C-41E8-B092-0FB4B078DD1F}
	EndGlobalSection
EndGlobal
